
Microsoft Visual Studio Solution File, Format Version 12.00
# Visual Studio Version 16
VisualStudioVersion = 16.0.30517.126
MinimumVisualStudioVersion = 10.0.40219.1
Project("{FAE04EC0-301F-11D3-BF4B-00C04F79EFBC}") = "Reizen", "Reizen\Reizen.csproj", "{A36481E9-C0DE-40A1-8D9D-2F19862D1F1D}"
EndProject
Global
	GlobalSection(SolutionConfigurationPlatforms) = preSolution
		Debug|Any CPU = Debug|Any CPU
		Release|Any CPU = Release|Any CPU
	EndGlobalSection
	GlobalSection(ProjectConfigurationPlatforms) = postSolution
		{A36481E9-C0DE-40A1-8D9D-2F19862D1F1D}.Debug|Any CPU.ActiveCfg = Debug|Any CPU
		{A36481E9-C0DE-40A1-8D9D-2F19862D1F1D}.Debug|Any CPU.Build.0 = Debug|Any CPU
		{A36481E9-C0DE-40A1-8D9D-2F19862D1F1D}.Release|Any CPU.ActiveCfg = Release|Any CPU
		{A36481E9-C0DE-40A1-8D9D-2F19862D1F1D}.Release|Any CPU.Build.0 = Release|Any CPU
	EndGlobalSection
	GlobalSection(SolutionProperties) = preSolution
		HideSolutionNode = FALSE
	EndGlobalSection
	GlobalSection(ExtensibilityGlobals) = postSolution
		SolutionGuid = {F0AA4DE5-E676-443D-A4D1-9F5FCA60CD3E}
	EndGlobalSection
EndGlobal
